
Microsoft Visual Studio Solution File, Format Version 12.00
# Visual Studio 14
VisualStudioVersion = 14.0.24720.0
MinimumVisualStudioVersion = 10.0.40219.1
Project("{8BC9CEB8-8B4A-11D0-8D11-00A0C91BC942}") = "WBF", "WBF\WBF.vcxproj", "{B8D76A5F-55DF-4993-8159-EB4AB6D21FE1}"
EndProject
Global
	GlobalSection(SolutionConfigurationPlatforms) = preSolution
		Debug|Any CPU = Debug|Any CPU
		Debug|x64 = Debug|x64
		Debug|x86 = Debug|x86
		Release|Any CPU = Release|Any CPU
		Release|x64 = Release|x64
		Release|x86 = Release|x86
	EndGlobalSection
	GlobalSection(ProjectConfigurationPlatforms) = postSolution
		{B8D76A5F-55DF-4993-8159-EB4AB6D21FE1}.Debug|Any CPU.ActiveCfg = Debug|Win32
		{B8D76A5F-55DF-4993-8159-EB4AB6D21FE1}.Debug|x64.ActiveCfg = Debug|x64
		{B8D76A5F-55DF-4993-8159-EB4AB6D21FE1}.Debug|x64.Build.0 = Debug|x64
		{B8D76A5F-55DF-4993-8159-EB4AB6D21FE1}.Debug|x86.ActiveCfg = Debug|Win32
		{B8D76A5F-55DF-4993-8159-EB4AB6D21FE1}.Debug|x86.Build.0 = Debug|Win32
		{B8D76A5F-55DF-4993-8159-EB4AB6D21FE1}.Release|Any CPU.ActiveCfg = Release|Win32
		{B8D76A5F-55DF-4993-8159-EB4AB6D21FE1}.Release|x64.ActiveCfg = Release|x64
		{B8D76A5F-55DF-4993-8159-EB4AB6D21FE1}.Release|x64.Build.0 = Release|x64
		{B8D76A5F-55DF-4993-8159-EB4AB6D21FE1}.Release|x86.ActiveCfg = Release|Win32
		{B8D76A5F-55DF-4993-8159-EB4AB6D21FE1}.Release|x86.Build.0 = Release|Win32
	EndGlobalSection
	GlobalSection(SolutionProperties) = preSolution
		HideSolutionNode = FALSE
	EndGlobalSection
EndGlobal
